
Microsoft Visual Studio Solution File, Format Version 12.00
# Visual Studio Version 17
VisualStudioVersion = 17.13.35931.197 d17.13
MinimumVisualStudioVersion = 10.0.40219.1
Project("{FAE04EC0-301F-11D3-BF4B-00C04F79EFBC}") = "RandomPasswordGenerator", "RandomPasswordGenerator\RandomPasswordGenerator.csproj", "{CD2C51FE-069D-4107-ACDE-91518A6D851D}"
EndProject
Global
	GlobalSection(SolutionConfigurationPlatforms) = preSolution
		Debug|Any CPU = Debug|Any CPU
		Release|Any CPU = Release|Any CPU
	EndGlobalSection
	GlobalSection(ProjectConfigurationPlatforms) = postSolution
		{CD2C51FE-069D-4107-ACDE-91518A6D851D}.Debug|Any CPU.ActiveCfg = Debug|Any CPU
		{CD2C51FE-069D-4107-ACDE-91518A6D851D}.Debug|Any CPU.Build.0 = Debug|Any CPU
		{CD2C51FE-069D-4107-ACDE-91518A6D851D}.Release|Any CPU.ActiveCfg = Release|Any CPU
		{CD2C51FE-069D-4107-ACDE-91518A6D851D}.Release|Any CPU.Build.0 = Release|Any CPU
	EndGlobalSection
	GlobalSection(SolutionProperties) = preSolution
		HideSolutionNode = FALSE
	EndGlobalSection
	GlobalSection(ExtensibilityGlobals) = postSolution
		SolutionGuid = {5791B199-94BB-4932-84A2-B4B9ACFAAEBA}
	EndGlobalSection
EndGlobal
